[[package]]
name = "pillow"
version = "9.0.0"
description = "Python Imaging Library (Fork)"
category = "main"
optional = false
python-versions = ">=3.7"

[package.source]
type = "legacy"
url = "https://mirrors.tencent.com/pypi/simple"
reference = "tencentyun"

[[package]]
name = "ujson"
version = "5.1.0"
description = "Ultra fast JSON encoder and decoder for Python"
category = "main"
optional = false
python-versions = ">=3.7"

[package.source]
type = "legacy"
url = "https://mirrors.tencent.com/pypi/simple"
reference = "tencentyun"

[metadata]
lock-version = "1.1"
python-versions = "^3.7.3"
content-hash = "b6e8d8cebf001e9bfeef085d82b598e580d4ad12db924f72e371600c3e9fbe67"

[metadata.files]
pillow = [
    {file = "Pillow-9.0.0-cp310-cp310-macosx_10_10_universal2.whl", hash = "sha256:113723312215b25c22df1fdf0e2da7a3b9c357a7d24a93ebbe80bfda4f37a8d4"},
    {file = "Pillow-9.0.0-cp310-cp310-macosx_11_0_arm64.whl", hash = "sha256:bb47a548cea95b86494a26c89d153fd31122ed65255db5dcbc421a2d28eb3379"},
    {file = "Pillow-9.0.0-cp310-cp310-manylinux_2_17_aarch64.manylinux2014_aarch64.whl", hash = "sha256:31b265496e603985fad54d52d11970383e317d11e18e856971bdbb86af7242a4"},
    {file = "Pillow-9.0.0-cp310-cp310-manylinux_2_17_i686.manylinux2014_i686.whl", hash = "sha256:d154ed971a4cc04b93a6d5b47f37948d1f621f25de3e8fa0c26b2d44f24e3e8f"},
    {file = "Pillow-9.0.0-cp310-cp310-manylinux_2_17_x86_64.manylinux2014_x86_64.whl", hash = "sha256:80fe92813d208ce8aa7d76da878bdc84b90809f79ccbad2a288e9bcbeac1d9bd"},
    {file = "Pillow-9.0.0-cp310-cp310-win32.whl", hash = "sha256:d5dcea1387331c905405b09cdbfb34611050cc52c865d71f2362f354faee1e9f"},
    {file = "Pillow-9.0.0-cp310-cp310-win_amd64.whl", hash = "sha256:52abae4c96b5da630a8b4247de5428f593465291e5b239f3f843a911a3cf0105"},
    {file = "Pillow-9.0.0-cp37-cp37m-macosx_10_10_x86_64.whl", hash = "sha256:72c3110228944019e5f27232296c5923398496b28be42535e3b2dc7297b6e8b6"},
    {file = "Pillow-9.0.0-cp37-cp37m-manylinux_2_17_aarch64.manylinux2014_aarch64.whl", hash = "sha256:97b6d21771da41497b81652d44191489296555b761684f82b7b544c49989110f"},
    {file = "Pillow-9.0.0-cp37-cp37m-manylinux_2_17_i686.manylinux2014_i686.whl", hash = "sha256:72f649d93d4cc4d8cf79c91ebc25137c358718ad75f99e99e043325ea7d56100"},
    {file = "Pillow-9.0.0-cp37-cp37m-manylinux_2_17_x86_64.manylinux2014_x86_64.whl", hash = "sha256:7aaf07085c756f6cb1c692ee0d5a86c531703b6e8c9cae581b31b562c16b98ce"},
    {file = "Pillow-9.0.0-cp37-cp37m-win32.whl", hash = "sha256:03b27b197deb4ee400ed57d8d4e572d2d8d80f825b6634daf6e2c18c3c6ccfa6"},
    {file = "Pillow-9.0.0-cp37-cp37m-win_amd64.whl", hash = "sha256:a09a9d4ec2b7887f7a088bbaacfd5c07160e746e3d47ec5e8050ae3b2a229e9f"},
    {file = "Pillow-9.0.0-cp38-cp38-macosx_10_10_x86_64.whl", hash = "sha256:490e52e99224858f154975db61c060686df8a6b3f0212a678e5d2e2ce24675c9"},
    {file = "Pillow-9.0.0-cp38-cp38-macosx_11_0_arm64.whl", hash = "sha256:500d397ddf4bbf2ca42e198399ac13e7841956c72645513e8ddf243b31ad2128"},
    {file = "Pillow-9.0.0-cp38-cp38-manylinux_2_17_aarch64.manylinux2014_aarch64.whl", hash = "sha256:0ebd8b9137630a7bbbff8c4b31e774ff05bbb90f7911d93ea2c9371e41039b52"},
    {file = "Pillow-9.0.0-cp38-cp38-manylinux_2_17_i686.manylinux2014_i686.whl", hash = "sha256:fd0e5062f11cb3e730450a7d9f323f4051b532781026395c4323b8ad055523c4"},
    {file = "Pillow-9.0.0-cp38-cp38-manylinux_2_17_x86_64.manylinux2014_x86_64.whl", hash = "sha256:9f3b4522148586d35e78313db4db0df4b759ddd7649ef70002b6c3767d0fdeb7"},
    {file = "Pillow-9.0.0-cp38-cp38-win32.whl", hash = "sha256:0b281fcadbb688607ea6ece7649c5d59d4bbd574e90db6cd030e9e85bde9fecc"},
    {file = "Pillow-9.0.0-cp38-cp38-win_amd64.whl", hash = "sha256:b5050d681bcf5c9f2570b93bee5d3ec8ae4cf23158812f91ed57f7126df91762"},
    {file = "Pillow-9.0.0-cp39-cp39-macosx_10_10_x86_64.whl", hash = "sha256:c2067b3bb0781f14059b112c9da5a91c80a600a97915b4f48b37f197895dd925"},
    {file = "Pillow-9.0.0-cp39-cp39-macosx_11_0_arm64.whl", hash = "sha256:2d16b6196fb7a54aff6b5e3ecd00f7c0bab1b56eee39214b2b223a9d938c50af"},
    {file = "Pillow-9.0.0-cp39-cp39-manylinux_2_17_aarch64.manylinux2014_aarch64.whl", hash = "sha256:98cb63ca63cb61f594511c06218ab4394bf80388b3d66cd61d0b1f63ee0ea69f"},
    {file = "Pillow-9.0.0-cp39-cp39-manylinux_2_17_i686.manylinux2014_i686.whl", hash = "sha256:bc462d24500ba707e9cbdef436c16e5c8cbf29908278af053008d9f689f56dee"},
    {file = "Pillow-9.0.0-cp39-cp39-manylinux_2_17_x86_64.manylinux2014_x86_64.whl", hash = "sha256:3586e12d874ce2f1bc875a3ffba98732ebb12e18fb6d97be482bd62b56803281"},
    {file = "Pillow-9.0.0-cp39-cp39-win32.whl", hash = "sha256:68e06f8b2248f6dc8b899c3e7ecf02c9f413aab622f4d6190df53a78b93d97a5"},
    {file = "Pillow-9.0.0-cp39-cp39-win_amd64.whl", hash = "sha256:6579f9ba84a3d4f1807c4aab4be06f373017fc65fff43498885ac50a9b47a553"},
    {file = "Pillow-9.0.0-pp37-pypy37_pp73-macosx_10_10_x86_64.whl", hash = "sha256:47f5cf60bcb9fbc46011f75c9b45a8b5ad077ca352a78185bd3e7f1d294b98bb"},
    {file = "Pillow-9.0.0-pp37-pypy37_pp73-manylinux_2_17_i686.manylinux2014_i686.whl", hash = "sha256:2fd8053e1f8ff1844419842fd474fc359676b2e2a2b66b11cc59f4fa0a301315"},
    {file = "Pillow-9.0.0-pp37-pypy37_pp73-manylinux_2_17_x86_64.manylinux2014_x86_64.whl", hash = "sha256:6c5439bfb35a89cac50e81c751317faea647b9a3ec11c039900cd6915831064d"},
    {file = "Pillow-9.0.0-pp38-pypy38_pp73-win_amd64.whl", hash = "sha256:95545137fc56ce8c10de646074d242001a112a92de169986abd8c88c27566a05"},
    {file = "Pillow-9.0.0.tar.gz", hash = "sha256:ee6e2963e92762923956fe5d3479b1fdc3b76c83f290aad131a2f98c3df0593e"},
]
ujson = [
    {file = "ujson-5.1.0-cp310-cp310-macosx_10_9_x86_64.whl", hash = "sha256:644552d1e89983c08d0c24358fbcb5829ae5b5deee9d876e16d20085cfa7dc81"},
    {file = "ujson-5.1.0-cp310-cp310-macosx_11_0_arm64.whl", hash = "sha256:0cae4a9c141856f7ad1a79c17ff1aaebf7fd8faa2f2c2614c37d6f82ed261d96"},
    {file = "ujson-5.1.0-cp310-cp310-manylinux_2_17_aarch64.manylinux2014_aarch64.whl", hash = "sha256:4ba63b789d83ca92237dbc72041a268d91559f981c01763a107105878bae442e"},
    {file = "ujson-5.1.0-cp310-cp310-manylinux_2_17_x86_64.manylinux2014_x86_64.whl", hash = "sha256:fe4e8f71e2fd42dce245bace7e2aa97dabef13926750a351eadca89a1e0f1abd"},
    {file = "ujson-5.1.0-cp310-cp310-manylinux_2_5_i686.manylinux1_i686.manylinux_2_17_i686.manylinux2014_i686.whl", hash = "sha256:6f73946c047a38640b1f5a2a459237b7bdc417ab028a76c796e4eea984b359b9"},
    {file = "ujson-5.1.0-cp310-cp310-musllinux_1_1_aarch64.whl", hash = "sha256:afe91153c2046fa8210b92def513124e0ea5b87ad8fa4c14fef8197204b980f1"},
    {file = "ujson-5.1.0-cp310-cp310-musllinux_1_1_i686.whl", hash = "sha256:b1ef400fc73ab0cb61b74a662ad4207917223aba6f933a9fea9b0fbe75de2361"},
    {file = "ujson-5.1.0-cp310-cp310-musllinux_1_1_x86_64.whl", hash = "sha256:5c8a884d60dd2eed2fc95a9474d57ead82adf254f54caffb3d9e8ed185c49aba"},
    {file = "ujson-5.1.0-cp310-cp310-win32.whl", hash = "sha256:173b90a2c2836ee42f708df88ecfe3efbc4d868df73c9fcea8cb8f6f3ab93892"},
    {file = "ujson-5.1.0-cp310-cp310-win_amd64.whl", hash = "sha256:6c45ad95e82155372d9908774db46e0ef7880af28a734d0b14eaa4f505e64982"},
    {file = "ujson-5.1.0-cp37-cp37m-macosx_10_9_x86_64.whl", hash = "sha256:4155a7c29bf330329519027c815e15e381c1fff22f50d26f135584d482bbd95d"},
    {file = "ujson-5.1.0-cp37-cp37m-manylinux_2_17_aarch64.manylinux2014_aarch64.whl", hash = "sha256:fa616d0d3c594785c6e9b7f42686bb1c86f9e64aa0f30a72c86d8eb315f54194"},
    {file = "ujson-5.1.0-cp37-cp37m-manylinux_2_17_x86_64.manylinux2014_x86_64.whl", hash = "sha256:a48efcb5d3695b295c26835ed81048da8cd40e76c4fde2940c807aa452b560c9"},
    {file = "ujson-5.1.0-cp37-cp37m-manylinux_2_5_i686.manylinux1_i686.manylinux_2_17_i686.manylinux2014_i686.whl", hash = "sha256:838d35eb9006d36f9241e95958d9f4819bcf1ea2ec155daf92d5751c31bcc62b"},
    {file = "ujson-5.1.0-cp37-cp37m-musllinux_1_1_aarch64.whl", hash = "sha256:05aa6c7297a22081f65497b6f586de6b7060ea47c3ecda80896f47200e9dbf04"},
    {file = "ujson-5.1.0-cp37-cp37m-musllinux_1_1_i686.whl", hash = "sha256:ce441ab7ad1db592e2db95b6c2a1eb882123532897340afac1342c28819e9833"},
    {file = "ujson-5.1.0-cp37-cp37m-musllinux_1_1_x86_64.whl", hash = "sha256:9937e819196b894ffd00801b24f1042dabda142f355313c3f20410993219bc4f"},
    {file = "ujson-5.1.0-cp37-cp37m-win32.whl", hash = "sha256:06bed66ae62d517f67a61cf53c056800b35ef364270723168a1db62702e2d30c"},
    {file = "ujson-5.1.0-cp37-cp37m-win_amd64.whl", hash = "sha256:74e41a0222e6e8136e38f103d6cc228e4e20f1c35cc80224a42804fd67fb35c8"},
    {file = "ujson-5.1.0-cp38-cp38-macosx_10_9_x86_64.whl", hash = "sha256:7bbb87f040e618bebe8c6257b3e4e8ae2f708dcbff3270c84718b3360a152799"},
    {file = "ujson-5.1.0-cp38-cp38-macosx_11_0_arm64.whl", hash = "sha256:68e38122115a8097fbe1cfe52979a797eaff91c10c1bf4b27774e5f30e7f723a"},
    {file = "ujson-5.1.0-cp38-cp38-manylinux_2_17_aarch64.manylinux2014_aarch64.whl", hash = "sha256:b09843123425337d2efee5c8ff6519e4dfc7b044db66c8bd560517fc1070a157"},
    {file = "ujson-5.1.0-cp38-cp38-manylinux_2_17_x86_64.manylinux2014_x86_64.whl", hash = "sha256:8dca10174a3bd482d969a2d12d0aec2fdd63fb974e255ec0147e36a516a2d68a"},
    {file = "ujson-5.1.0-cp38-cp38-manylinux_2_5_i686.manylinux1_i686.manylinux_2_17_i686.manylinux2014_i686.whl", hash = "sha256:202ae52f4a53f03c42ead6d046b1a146517e93bd757f517bdeef0a26228e0260"},
    {file = "ujson-5.1.0-cp38-cp38-musllinux_1_1_aarch64.whl", hash = "sha256:7a4bed7bd7b288cf73ba47bda27fdd1d78ef6906831489e7f296aef9e786eccb"},
    {file = "ujson-5.1.0-cp38-cp38-musllinux_1_1_i686.whl", hash = "sha256:d423956f8dfd98a075c9338b886414b6e3c2817dbf67935797466c998af39936"},
    {file = "ujson-5.1.0-cp38-cp38-musllinux_1_1_x86_64.whl", hash = "sha256:083c1078e4de3a39019e590c43865b17e07a763fee25b012e650bb4f42c89703"},
    {file = "ujson-5.1.0-cp38-cp38-win32.whl", hash = "sha256:31671ad99f0395eb881d698f2871dc64ff00fbd4380c5d9bfd8bff3d4c8f8d88"},
    {file = "ujson-5.1.0-cp38-cp38-win_amd64.whl", hash = "sha256:994eaf4369e6bc24258f59fe8c6345037abcf24557571814e27879851c4353aa"},
    {file = "ujson-5.1.0-cp39-cp39-macosx_10_9_x86_64.whl", hash = "sha256:00d6ea9702c2eaeaf1a826934eaba1b4c609c873379bf54e36ba7b7e128edf94"},
    {file = "ujson-5.1.0-cp39-cp39-macosx_11_0_arm64.whl", hash = "sha256:a53c4fe8e1c067e6c98b4526e982ed9486f08578ad8eb5f0e94f8cadf0c1d911"},
    {file = "ujson-5.1.0-cp39-cp39-manylinux_2_17_aarch64.manylinux2014_aarch64.whl", hash = "sha256:368f855779fded560724a6448838304621f498113a116d66bc5ed5ad5ad3ca92"},
    {file = "ujson-5.1.0-cp39-cp39-manylinux_2_17_x86_64.manylinux2014_x86_64.whl", hash = "sha256:4dd97e45a0f450ba2c43cda18147e54b8e41e886c22e3506c62f7d61e9e53b0d"},
    {file = "ujson-5.1.0-cp39-cp39-manylinux_2_5_i686.manylinux1_i686.manylinux_2_17_i686.manylinux2014_i686.whl", hash = "sha256:caeadbf95ce277f1f8f4f71913bc20c01f49fc9228f238920f9ff6f7645d2a5f"},
    {file = "ujson-5.1.0-cp39-cp39-musllinux_1_1_aarch64.whl", hash = "sha256:681fed63c948f757466eeb3aea98873e2ab8b2b18e9020c96a97479a513e2018"},
    {file = "ujson-5.1.0-cp39-cp39-musllinux_1_1_i686.whl", hash = "sha256:6fc4376266ae67f6d8f9e69386ab950eb84ba345c6fdbeb1884fa5b773c8c76b"},
    {file = "ujson-5.1.0-cp39-cp39-musllinux_1_1_x86_64.whl", hash = "sha256:585271d6ad545a2ccfc237582f70c160e627735c89d0ca2bde24afa321bc0750"},
    {file = "ujson-5.1.0-cp39-cp39-win32.whl", hash = "sha256:b631af423e6d5d35f9f37fbcc4fbdb6085abc1c441cf864c64b7fbb5b150faf7"},
    {file = "ujson-5.1.0-cp39-cp39-win_amd64.whl", hash = "sha256:08265db5ccff8b521ff68aee13a417d68cca784d7e711d961b92fda6ccffcc4f"},
    {file = "ujson-5.1.0-pp37-pypy37_pp73-macosx_10_9_x86_64.whl", hash = "sha256:e2b1c372583eb4363b42e21222d3a18116a41973781d502d61e1b0daf4b8352f"},
    {file = "ujson-5.1.0-pp37-pypy37_pp73-manylinux_2_17_aarch64.manylinux2014_aarch64.whl", hash = "sha256:51142c9d40439f299594e399bef8892a16586ded54c88d3af926865ca221a177"},
    {file = "ujson-5.1.0-pp37-pypy37_pp73-manylinux_2_17_x86_64.manylinux2014_x86_64.whl", hash = "sha256:7ba8be1717b1867a85b2413a8585bad0e4507a22d6af2c244e1c74151f6d5cc0"},
    {file = "ujson-5.1.0-pp37-pypy37_pp73-manylinux_2_5_i686.manylinux1_i686.manylinux_2_17_i686.manylinux2014_i686.whl", hash = "sha256:d0b26d9d6eb9a0979d37f28c715e717a409c9e03163e5cd8fa73aab806351ab5"},
    {file = "ujson-5.1.0-pp37-pypy37_pp73-win_amd64.whl", hash = "sha256:b2c7e4afde0d36926b091fa9613b18b65e911fcaa60024e8721f2dcfedc25329"},
    {file = "ujson-5.1.0-pp38-pypy38_pp73-macosx_10_9_x86_64.whl", hash = "sha256:110633a8dda6c8ca78090292231e15381f8b2423e998399d4bc5f135149c722b"},
    {file = "ujson-5.1.0-pp38-pypy38_pp73-manylinux_2_17_aarch64.manylinux2014_aarch64.whl", hash = "sha256:fdac161127ef8e0889180a4c07475457c55fe0bbd644436d8f4c7ef07565d653"},
    {file = "ujson-5.1.0-pp38-pypy38_pp73-manylinux_2_17_x86_64.manylinux2014_x86_64.whl", hash = "sha256:452990c2b18445a7379a45873527d2ec47789b9289c13a17a3c1cc76b9641126"},
    {file = "ujson-5.1.0-pp38-pypy38_pp73-manylinux_2_5_i686.manylinux1_i686.manylinux_2_17_i686.manylinux2014_i686.whl", hash = "sha256:5304ad25d100d50b5bc8513ef110335df678f66c7ccf3d4728c0c3aa69e08e0c"},
    {file = "ujson-5.1.0-pp38-pypy38_pp73-win_amd64.whl", hash = "sha256:ce620a6563b21aa3fbb1658bc1bfddb484a6dad542de1efb5121eb7bb4f2b93a"},
    {file = "ujson-5.1.0.tar.gz", hash = "sha256:a88944d2f99db71a3ca0c63d81f37e55b660edde0b07216fb65a3e46403ef004"},
]
